
Microsoft Visual Studio Solution File, Format Version 12.00
# Visual Studio Version 17
VisualStudioVersion = 17.10.35027.167
MinimumVisualStudioVersion = 10.0.40219.1
Project("{2150E333-8FDC-42A3-9474-1A3956D46DE8}") = "src", "src", "{206A7F71-42ED-44CA-9AA3-5818A15E1240}"
EndProject
Project("{2150E333-8FDC-42A3-9474-1A3956D46DE8}") = "Presentation", "Presentation", "{545FA2C2-CBA4-41F2-BE3D-E8018DA51E37}"
EndProject
Project("{FAE04EC0-301F-11D3-BF4B-00C04F79EFBC}") = "WebApi", "WebApi\WebApi.csproj", "{96E527A3-9861-41D1-B32F-893661775881}"
EndProject
Project("{2150E333-8FDC-42A3-9474-1A3956D46DE8}") = "Model", "Model", "{DD935B00-83B3-4D72-8882-C4AD396DFD1E}"
EndProject
Project("{FAE04EC0-301F-11D3-BF4B-00C04F79EFBC}") = "CapaModel", "CapaModel\CapaModel.csproj", "{AE136AFE-43B1-4C62-BD59-6D1353973E9D}"
EndProject
Project("{2150E333-8FDC-42A3-9474-1A3956D46DE8}") = "Data", "Data", "{9931D900-2A35-47B9-BE7B-690367FF5ED9}"
EndProject
Project("{FAE04EC0-301F-11D3-BF4B-00C04F79EFBC}") = "CapaData", "CapaData\CapaData.csproj", "{3E08BE6A-6704-47B0-9E90-DB6B8E5B3AA4}"
EndProject
Project("{2150E333-8FDC-42A3-9474-1A3956D46DE8}") = "Dominio", "Dominio", "{CED2F971-1B22-4583-9BF3-A81AE41F28A9}"
EndProject
Project("{FAE04EC0-301F-11D3-BF4B-00C04F79EFBC}") = "CapaDominio", "CapaDominio\CapaDominio.csproj", "{F7A0F124-1921-4E47-A2CE-679ABBA7EB6F}"
EndProject
Global
	GlobalSection(SolutionConfigurationPlatforms) = preSolution
		Debug|Any CPU = Debug|Any CPU
		Release|Any CPU = Release|Any CPU
	EndGlobalSection
	GlobalSection(ProjectConfigurationPlatforms) = postSolution
		{96E527A3-9861-41D1-B32F-893661775881}.Debug|Any CPU.ActiveCfg = Debug|Any CPU
		{96E527A3-9861-41D1-B32F-893661775881}.Debug|Any CPU.Build.0 = Debug|Any CPU
		{96E527A3-9861-41D1-B32F-893661775881}.Release|Any CPU.ActiveCfg = Release|Any CPU
		{96E527A3-9861-41D1-B32F-893661775881}.Release|Any CPU.Build.0 = Release|Any CPU
		{AE136AFE-43B1-4C62-BD59-6D1353973E9D}.Debug|Any CPU.ActiveCfg = Debug|Any CPU
		{AE136AFE-43B1-4C62-BD59-6D1353973E9D}.Debug|Any CPU.Build.0 = Debug|Any CPU
		{AE136AFE-43B1-4C62-BD59-6D1353973E9D}.Release|Any CPU.ActiveCfg = Release|Any CPU
		{AE136AFE-43B1-4C62-BD59-6D1353973E9D}.Release|Any CPU.Build.0 = Release|Any CPU
		{3E08BE6A-6704-47B0-9E90-DB6B8E5B3AA4}.Debug|Any CPU.ActiveCfg = Debug|Any CPU
		{3E08BE6A-6704-47B0-9E90-DB6B8E5B3AA4}.Debug|Any CPU.Build.0 = Debug|Any CPU
		{3E08BE6A-6704-47B0-9E90-DB6B8E5B3AA4}.Release|Any CPU.ActiveCfg = Release|Any CPU
		{3E08BE6A-6704-47B0-9E90-DB6B8E5B3AA4}.Release|Any CPU.Build.0 = Release|Any CPU
		{F7A0F124-1921-4E47-A2CE-679ABBA7EB6F}.Debug|Any CPU.ActiveCfg = Debug|Any CPU
		{F7A0F124-1921-4E47-A2CE-679ABBA7EB6F}.Debug|Any CPU.Build.0 = Debug|Any CPU
		{F7A0F124-1921-4E47-A2CE-679ABBA7EB6F}.Release|Any CPU.ActiveCfg = Release|Any CPU
		{F7A0F124-1921-4E47-A2CE-679ABBA7EB6F}.Release|Any CPU.Build.0 = Release|Any CPU
	EndGlobalSection
	GlobalSection(SolutionProperties) = preSolution
		HideSolutionNode = FALSE
	EndGlobalSection
	GlobalSection(NestedProjects) = preSolution
		{545FA2C2-CBA4-41F2-BE3D-E8018DA51E37} = {206A7F71-42ED-44CA-9AA3-5818A15E1240}
		{96E527A3-9861-41D1-B32F-893661775881} = {545FA2C2-CBA4-41F2-BE3D-E8018DA51E37}
		{DD935B00-83B3-4D72-8882-C4AD396DFD1E} = {206A7F71-42ED-44CA-9AA3-5818A15E1240}
		{AE136AFE-43B1-4C62-BD59-6D1353973E9D} = {DD935B00-83B3-4D72-8882-C4AD396DFD1E}
		{9931D900-2A35-47B9-BE7B-690367FF5ED9} = {206A7F71-42ED-44CA-9AA3-5818A15E1240}
		{3E08BE6A-6704-47B0-9E90-DB6B8E5B3AA4} = {9931D900-2A35-47B9-BE7B-690367FF5ED9}
		{CED2F971-1B22-4583-9BF3-A81AE41F28A9} = {206A7F71-42ED-44CA-9AA3-5818A15E1240}
		{F7A0F124-1921-4E47-A2CE-679ABBA7EB6F} = {CED2F971-1B22-4583-9BF3-A81AE41F28A9}
	EndGlobalSection
	GlobalSection(ExtensibilityGlobals) = postSolution
		SolutionGuid = {5E043B34-012C-43EA-A271-59025EA98F7B}
	EndGlobalSection
EndGlobal
